// !$*UTF8*$!
{
	archiveVersion = 1;
	classes = {
	};
	objectVersion = 46;
	objects = {

/* Begin PBXBuildFile section */
		7FA43A9F18DBA6AE00B6004C /* Foundation.framework in Frameworks */ = {isa = PBXBuildFile; fileRef = 7FA43A9E18DBA6AE00B6004C /* Foundation.framework */; };
		7FA43AA118DBA6AE00B6004C /* CoreGraphics.framework in Frameworks */ = {isa = PBXBuildFile; fileRef = 7FA43AA018DBA6AE00B6004C /* CoreGraphics.framework */; };
		7FA43AA318DBA6AE00B6004C /* UIKit.framework in Frameworks */ = {isa = PBXBuildFile; fileRef = 7FA43AA218DBA6AE00B6004C /* UIKit.framework */; };
		7FA43AA918DBA6AE00B6004C /* InfoPlist.strings in Resources */ = {isa = PBXBuildFile; fileRef = 7FA43AA718DBA6AE00B6004C /* InfoPlist.strings */; };
		7FA43AAB18DBA6AE00B6004C /* main.m in Sources */ = {isa = PBXBuildFile; fileRef = 7FA43AAA18DBA6AE00B6004C /* main.m */; };
		7FA43AAF18DBA6AE00B6004C /* AppDelegate.m in Sources */ = {isa = PBXBuildFile; fileRef = 7FA43AAE18DBA6AE00B6004C /* AppDelegate.m */; };
		7FA43AB118DBA6AE00B6004C /* Images.xcassets in Resources */ = {isa = PBXBuildFile; fileRef = 7FA43AB018DBA6AE00B6004C /* Images.xcassets */; };
		7FA43AB818DBA6AE00B6004C /* XCTest.framework in Frameworks */ = {isa = PBXBuildFile; fileRef = 7FA43AB718DBA6AE00B6004C /* XCTest.framework */; };
		7FA43AB918DBA6AE00B6004C /* Foundation.framework in Frameworks */ = {isa = PBXBuildFile; fileRef = 7FA43A9E18DBA6AE00B6004C /* Foundation.framework */; };
		7FA43ABA18DBA6AE00B6004C /* UIKit.framework in Frameworks */ = {isa = PBXBuildFile; fileRef = 7FA43AA218DBA6AE00B6004C /* UIKit.framework */; };
		7FA43AC218DBA6AE00B6004C /* InfoPlist.strings in Resources */ = {isa = PBXBuildFile; fileRef = 7FA43AC018DBA6AE00B6004C /* InfoPlist.strings */; };
		7FA43AC418DBA6AE00B6004C /* twttestTests.m in Sources */ = {isa = PBXBuildFile; fileRef = 7FA43AC318DBA6AE00B6004C /* twttestTests.m */; };
/* End PBXBuildFile section */

/* Begin PBXContainerItemProxy section */
		7FA43ABB18DBA6AE00B6004C /* PBXContainerItemProxy */ = {
			isa = PBXContainerItemProxy;
			containerPortal = 7FA43A9318DBA6AE00B6004C /* Project object */;
			proxyType = 1;
			remoteGlobalIDString = 7FA43A9A18DBA6AE00B6004C;
			remoteInfo = twttest;
		};
/* End PBXContainerItemProxy section */

/* Begin PBXFileReference section */
		7FA43A9B18DBA6AE00B6004C /* twttest.app */ = {isa = PBXFileReference; explicitFileType = wrapper.application; includeInIndex = 0; path = twttest.app; sourceTree = BUILT_PRODUCTS_DIR; };
		7FA43A9E18DBA6AE00B6004C /* Foundation.framework */ = {isa = PBXFileReference; lastKnownFileType = wrapper.framework; name = Foundation.framework; path = System/Library/Frameworks/Foundation.framework; sourceTree = SDKROOT; };
		7FA43AA018DBA6AE00B6004C /* CoreGraphics.framework */ = {isa = PBXFileReference; lastKnownFileType = wrapper.framework; name = CoreGraphics.framework; path = System/Library/Frameworks/CoreGraphics.framework; sourceTree = SDKROOT; };
		7FA43AA218DBA6AE00B6004C /* UIKit.framework */ = {isa = PBXFileReference; lastKnownFileType = wrapper.framework; name = UIKit.framework; path = System/Library/Frameworks/UIKit.framework; sourceTree = SDKROOT; };
		7FA43AA618DBA6AE00B6004C /* twttest-Info.plist */ = {isa = PBXFileReference; lastKnownFileType = text.plist.xml; path = "twttest-Info.plist"; sourceTree = "<group>"; };
		7FA43AA818DBA6AE00B6004C /* en */ = {isa = PBXFileReference; lastKnownFileType = text.plist.strings; name = en; path = en.lproj/InfoPlist.strings; sourceTree = "<group>"; };
		7FA43AAA18DBA6AE00B6004C /* main.m */ = {isa = PBXFileReference; lastKnownFileType = sourcecode.c.objc; path = main.m; sourceTree = "<group>"; };
		7FA43AAC18DBA6AE00B6004C /* twttest-Prefix.pch */ = {isa = PBXFileReference; lastKnownFileType = sourcecode.c.h; path = "twttest-Prefix.pch"; sourceTree = "<group>"; };
		7FA43AAD18DBA6AE00B6004C /* AppDelegate.h */ = {isa = PBXFileReference; lastKnownFileType = sourcecode.c.h; path = AppDelegate.h; sourceTree = "<group>"; };
		7FA43AAE18DBA6AE00B6004C /* AppDelegate.m */ = {isa = PBXFileReference; lastKnownFileType = sourcecode.c.objc; path = AppDelegate.m; sourceTree = "<group>"; };
		7FA43AB018DBA6AE00B6004C /* Images.xcassets */ = {isa = PBXFileReference; lastKnownFileType = folder.assetcatalog; path = Images.xcassets; sourceTree = "<group>"; };
		7FA43AB618DBA6AE00B6004C /* twttestTests.xctest */ = {isa = PBXFileReference; explicitFileType = wrapper.cfbundle; includeInIndex = 0; path = twttestTests.xctest; sourceTree = BUILT_PRODUCTS_DIR; };
		7FA43AB718DBA6AE00B6004C /* XCTest.framework */ = {isa = PBXFileReference; lastKnownFileType = wrapper.framework; name = XCTest.framework; path = Library/Frameworks/XCTest.framework; sourceTree = DEVELOPER_DIR; };
		7FA43ABF18DBA6AE00B6004C /* twttestTests-Info.plist */ = {isa = PBXFileReference; lastKnownFileType = text.plist.xml; path = "twttestTests-Info.plist"; sourceTree = "<group>"; };
		7FA43AC118DBA6AE00B6004C /* en */ = {isa = PBXFileReference; lastKnownFileType = text.plist.strings; name = en; path = en.lproj/InfoPlist.strings; sourceTree = "<group>"; };
		7FA43AC318DBA6AE00B6004C /* twttestTests.m */ = {isa = PBXFileReference; lastKnownFileType = sourcecode.c.objc; path = twttestTests.m; sourceTree = "<group>"; };
/* End PBXFileReference section */

/* Begin PBXFrameworksBuildPhase section */
		7FA43A9818DBA6AE00B6004C /* Frameworks */ = {
			isa = PBXFrameworksBuildPhase;
			buildActionMask = 2147483647;
			files = (
				7FA43AA118DBA6AE00B6004C /* CoreGraphics.framework in Frameworks */,
				7FA43AA318DBA6AE00B6004C /* UIKit.framework in Frameworks */,
				7FA43A9F18DBA6AE00B6004C /* Foundation.framework in Frameworks */,
			);
			runOnlyForDeploymentPostprocessing = 0;
		};
		7FA43AB318DBA6AE00B6004C /* Frameworks */ = {
			isa = PBXFrameworksBuildPhase;
			buildActionMask = 2147483647;
			files = (
				7FA43AB818DBA6AE00B6004C /* XCTest.framework in Frameworks */,
				7FA43ABA18DBA6AE00B6004C /* UIKit.framework in Frameworks */,
				7FA43AB918DBA6AE00B6004C /* Foundation.framework in Frameworks */,
			);
			runOnlyForDeploymentPostprocessing = 0;
		};
/* End PBXFrameworksBuildPhase section */

/* Begin PBXGroup section */
		7FA43A9218DBA6AE00B6004C = {
			isa = PBXGroup;
			children = (
				7FA43AA418DBA6AE00B6004C /* twttest */,
				7FA43ABD18DBA6AE00B6004C /* twttestTests */,
				7FA43A9D18DBA6AE00B6004C /* Frameworks */,
				7FA43A9C18DBA6AE00B6004C /* Products */,
			);
			sourceTree = "<group>";
		};
		7FA43A9C18DBA6AE00B6004C /* Products */ = {
			isa = PBXGroup;
			children = (
				7FA43A9B18DBA6AE00B6004C /* twttest.app */,
				7FA43AB618DBA6AE00B6004C /* twttestTests.xctest */,
			);
			name = Products;
			sourceTree = "<group>";
		};
		7FA43A9D18DBA6AE00B6004C /* Frameworks */ = {
			isa = PBXGroup;
			children = (
				7FA43A9E18DBA6AE00B6004C /* Foundation.framework */,
				7FA43AA018DBA6AE00B6004C /* CoreGraphics.framework */,
				7FA43AA218DBA6AE00B6004C /* UIKit.framework */,
				7FA43AB718DBA6AE00B6004C /* XCTest.framework */,
			);
			name = Frameworks;
			sourceTree = "<group>";
		};
		7FA43AA418DBA6AE00B6004C /* twttest */ = {
			isa = PBXGroup;
			children = (
				7FA43AAD18DBA6AE00B6004C /* AppDelegate.h */,
				7FA43AAE18DBA6AE00B6004C /* AppDelegate.m */,
				7FA43AB018DBA6AE00B6004C /* Images.xcassets */,
				7FA43AA518DBA6AE00B6004C /* Supporting Files */,
			);
			path = twttest;
			sourceTree = "<group>";
		};
		7FA43AA518DBA6AE00B6004C /* Supporting Files */ = {
			isa = PBXGroup;
			children = (
				7FA43AA618DBA6AE00B6004C /* twttest-Info.plist */,
				7FA43AA718DBA6AE00B6004C /* InfoPlist.strings */,
				7FA43AAA18DBA6AE00B6004C /* main.m */,
				7FA43AAC18DBA6AE00B6004C /* twttest-Prefix.pch */,
			);
			name = "Supporting Files";
			sourceTree = "<group>";
		};
		7FA43ABD18DBA6AE00B6004C /* twttestTests */ = {
			isa = PBXGroup;
			children = (
				7FA43AC318DBA6AE00B6004C /* twttestTests.m */,
				7FA43ABE18DBA6AE00B6004C /* Supporting Files */,
			);
			path = twttestTests;
			sourceTree = "<group>";
		};
		7FA43ABE18DBA6AE00B6004C /* Supporting Files */ = {
			isa = PBXGroup;
			children = (
				7FA43ABF18DBA6AE00B6004C /* twttestTests-Info.plist */,
				7FA43AC018DBA6AE00B6004C /* InfoPlist.strings */,
			);
			name = "Supporting Files";
			sourceTree = "<group>";
		};
/* End PBXGroup section */

/* Begin PBXNativeTarget section */
		7FA43A9A18DBA6AE00B6004C /* twttest */ = {
			isa = PBXNativeTarget;
			buildConfigurationList = 7FA43AC718DBA6AE00B6004C /* Build configuration list for PBXNativeTarget "twttest" */;
			buildPhases = (
				7FA43A9718DBA6AE00B6004C /* Sources */,
				7FA43A9818DBA6AE00B6004C /* Frameworks */,
				7FA43A9918DBA6AE00B6004C /* Resources */,
			);
			buildRules = (
			);
			dependencies = (
			);
			name = twttest;
			productName = twttest;
			productReference = 7FA43A9B18DBA6AE00B6004C /* twttest.app */;
			productType = "com.apple.product-type.application";
		};
		7FA43AB518DBA6AE00B6004C /* twttestTests */ = {
			isa = PBXNativeTarget;
			buildConfigurationList = 7FA43ACA18DBA6AE00B6004C /* Build configuration list for PBXNativeTarget "twttestTests" */;
			buildPhases = (
				7FA43AB218DBA6AE00B6004C /* Sources */,
				7FA43AB318DBA6AE00B6004C /* Frameworks */,
				7FA43AB418DBA6AE00B6004C /* Resources */,
			);
			buildRules = (
			);
			dependencies = (
				7FA43ABC18DBA6AE00B6004C /* PBXTargetDependency */,
			);
			name = twttestTests;
			productName = twttestTests;
			productReference = 7FA43AB618DBA6AE00B6004C /* twttestTests.xctest */;
			productType = "com.apple.product-type.bundle.unit-test";
		};
/* End PBXNativeTarget section */

/* Begin PBXProject section */
		7FA43A9318DBA6AE00B6004C /* Project object */ = {
			isa = PBXProject;
			attributes = {
				LastUpgradeCheck = 0500;
				ORGANIZATIONNAME = "Jon Kotowski";
				TargetAttributes = {
					7FA43AB518DBA6AE00B6004C = {
						TestTargetID = 7FA43A9A18DBA6AE00B6004C;
					};
				};
			};
			buildConfigurationList = 7FA43A9618DBA6AE00B6004C /* Build configuration list for PBXProject "twttest" */;
			compatibilityVersion = "Xcode 3.2";
			developmentRegion = English;
			hasScannedForEncodings = 0;
			knownRegions = (
				en,
			);
			mainGroup = 7FA43A9218DBA6AE00B6004C;
			productRefGroup = 7FA43A9C18DBA6AE00B6004C /* Products */;
			projectDirPath = "";
			projectRoot = "";
			targets = (
				7FA43A9A18DBA6AE00B6004C /* twttest */,
				7FA43AB518DBA6AE00B6004C /* twttestTests */,
			);
		};
/* End PBXProject section */

/* Begin PBXResourcesBuildPhase section */
		7FA43A9918DBA6AE00B6004C /* Resources */ = {
			isa = PBXResourcesBuildPhase;
			buildActionMask = 2147483647;
			files = (
				7FA43AA918DBA6AE00B6004C /* InfoPlist.strings in Resources */,
				7FA43AB118DBA6AE00B6004C /* Images.xcassets in Resources */,
			);
			runOnlyForDeploymentPostprocessing = 0;
		};
		7FA43AB418DBA6AE00B6004C /* Resources */ = {
			isa = PBXResourcesBuildPhase;
			buildActionMask = 2147483647;
			files = (
				7FA43AC218DBA6AE00B6004C /* InfoPlist.strings in Resources */,
			);
			runOnlyForDeploymentPostprocessing = 0;
		};
/* End PBXResourcesBuildPhase section */

/* Begin PBXSourcesBuildPhase section */
		7FA43A9718DBA6AE00B6004C /* Sources */ = {
			isa = PBXSourcesBuildPhase;
			buildActionMask = 2147483647;
			files = (
				7FA43AAF18DBA6AE00B6004C /* AppDelegate.m in Sources */,
				7FA43AAB18DBA6AE00B6004C /* main.m in Sources */,
			);
			runOnlyForDeploymentPostprocessing = 0;
		};
		7FA43AB218DBA6AE00B6004C /* Sources */ = {
			isa = PBXSourcesBuildPhase;
			buildActionMask = 2147483647;
			files = (
				7FA43AC418DBA6AE00B6004C /* twttestTests.m in Sources */,
			);
			runOnlyForDeploymentPostprocessing = 0;
		};
/* End PBXSourcesBuildPhase section */

/* Begin PBXTargetDependency section */
		7FA43ABC18DBA6AE00B6004C /* PBXTargetDependency */ = {
			isa = PBXTargetDependency;
			target = 7FA43A9A18DBA6AE00B6004C /* twttest */;
			targetProxy = 7FA43ABB18DBA6AE00B6004C /* PBXContainerItemProxy */;
		};
/* End PBXTargetDependency section */

/* Begin PBXVariantGroup section */
		7FA43AA718DBA6AE00B6004C /* InfoPlist.strings */ = {
			isa = PBXVariantGroup;
			children = (
				7FA43AA818DBA6AE00B6004C /* en */,
			);
			name = InfoPlist.strings;
			sourceTree = "<group>";
		};
		7FA43AC018DBA6AE00B6004C /* InfoPlist.strings */ = {
			isa = PBXVariantGroup;
			children = (
				7FA43AC118DBA6AE00B6004C /* en */,
			);
			name = InfoPlist.strings;
			sourceTree = "<group>";
		};
/* End PBXVariantGroup section */

/* Begin XCBuildConfiguration section */
		7FA43AC518DBA6AE00B6004C /* Debug */ = {
			isa = XCBuildConfiguration;
			buildSettings = {
				ALWAYS_SEARCH_USER_PATHS = NO;
				ARCHS = "$(ARCHS_STANDARD_INCLUDING_64_BIT)";
				CLANG_CXX_LANGUAGE_STANDARD = "gnu++0x";
				CLANG_CXX_LIBRARY = "libc++";
				CLANG_ENABLE_MODULES = YES;
				CLANG_ENABLE_OBJC_ARC = YES;
				CLANG_WARN_BOOL_CONVERSION = YES;
				CLANG_WARN_CONSTANT_CONVERSION = YES;
				CLANG_WARN_DIRECT_OBJC_ISA_USAGE = YES_ERROR;
				CLANG_WARN_EMPTY_BODY = YES;
				CLANG_WARN_ENUM_CONVERSION = YES;
				CLANG_WARN_INT_CONVERSION = YES;
				CLANG_WARN_OBJC_ROOT_CLASS = YES_ERROR;
				CLANG_WARN__DUPLICATE_METHOD_MATCH = YES;
				"CODE_SIGN_IDENTITY[sdk=iphoneos*]" = "iPhone Developer";
				COPY_PHASE_STRIP = NO;
				GCC_C_LANGUAGE_STANDARD = gnu99;
				GCC_DYNAMIC_NO_PIC = NO;
				GCC_OPTIMIZATION_LEVEL = 0;
				GCC_PREPROCESSOR_DEFINITIONS = (
					"DEBUG=1",
					"$(inherited)",
				);
				GCC_SYMBOLS_PRIVATE_EXTERN = NO;
				GCC_WARN_64_TO_32_BIT_CONVERSION = YES;
				GCC_WARN_ABOUT_RETURN_TYPE = YES_ERROR;
				GCC_WARN_UNDECLARED_SELECTOR = YES;
				GCC_WARN_UNINITIALIZED_AUTOS = YES;
				GCC_WARN_UNUSED_FUNCTION = YES;
				GCC_WARN_UNUSED_VARIABLE = YES;
				IPHONEOS_DEPLOYMENT_TARGET = 7.0;
				ONLY_ACTIVE_ARCH = YES;
				SDKROOT = iphoneos;
			};
			name = Debug;
		};
		7FA43AC618DBA6AE00B6004C /* Release */ = {
			isa = XCBuildConfiguration;
			buildSettings = {
				ALWAYS_SEARCH_USER_PATHS = NO;
				ARCHS = "$(ARCHS_STANDARD_INCLUDING_64_BIT)";
				CLANG_CXX_LANGUAGE_STANDARD = "gnu++0x";
				CLANG_CXX_LIBRARY = "libc++";
				CLANG_ENABLE_MODULES = YES;
				CLANG_ENABLE_OBJC_ARC = YES;
				CLANG_WARN_BOOL_CONVERSION = YES;
				CLANG_WARN_CONSTANT_CONVERSION = YES;
				CLANG_WARN_DIRECT_OBJC_ISA_USAGE = YES_ERROR;
				CLANG_WARN_EMPTY_BODY = YES;
				CLANG_WARN_ENUM_CONVERSION = YES;
				CLANG_WARN_INT_CONVERSION = YES;
				CLANG_WARN_OBJC_ROOT_CLASS = YES_ERROR;
				CLANG_WARN__DUPLICATE_METHOD_MATCH = YES;
				"CODE_SIGN_IDENTITY[sdk=iphoneos*]" = "iPhone Developer";
				COPY_PHASE_STRIP = YES;
				ENABLE_NS_ASSERTIONS = NO;
				GCC_C_LANGUAGE_STANDARD = gnu99;
				GCC_WARN_64_TO_32_BIT_CONVERSION = YES;
				GCC_WARN_ABOUT_RETURN_TYPE = YES_ERROR;
				GCC_WARN_UNDECLARED_SELECTOR = YES;
				GCC_WARN_UNINITIALIZED_AUTOS = YES;
				GCC_WARN_UNUSED_FUNCTION = YES;
				GCC_WARN_UNUSED_VARIABLE = YES;
				IPHONEOS_DEPLOYMENT_TARGET = 7.0;
				SDKROOT = iphoneos;
				VALIDATE_PRODUCT = YES;
			};
			name = Release;
		};
		7FA43AC818DBA6AE00B6004C /* Debug */ = {
			isa = XCBuildConfiguration;
			buildSettings = {
				ASSETCATALOG_COMPILER_APPICON_NAME = AppIcon;
				ASSETCATALOG_COMPILER_LAUNCHIMAGE_NAME = LaunchImage;
				GCC_PRECOMPILE_PREFIX_HEADER = YES;
				GCC_PREFIX_HEADER = "twttest/twttest-Prefix.pch";
				INFOPLIST_FILE = "twttest/twttest-Info.plist";
				PRODUCT_NAME = "$(TARGET_NAME)";
				WRAPPER_EXTENSION = app;
			};
			name = Debug;
		};
		7FA43AC918DBA6AE00B6004C /* Release */ = {
			isa = XCBuildConfiguration;
			buildSettings = {
				ASSETCATALOG_COMPILER_APPICON_NAME = AppIcon;
				ASSETCATALOG_COMPILER_LAUNCHIMAGE_NAME = LaunchImage;
				GCC_PRECOMPILE_PREFIX_HEADER = YES;
				GCC_PREFIX_HEADER = "twttest/twttest-Prefix.pch";
				INFOPLIST_FILE = "twttest/twttest-Info.plist";
				PRODUCT_NAME = "$(TARGET_NAME)";
				WRAPPER_EXTENSION = app;
			};
			name = Release;
		};
		7FA43ACB18DBA6AE00B6004C /* Debug */ = {
			isa = XCBuildConfiguration;
			buildSettings = {
				ARCHS = "$(ARCHS_STANDARD_INCLUDING_64_BIT)";
				BUNDLE_LOADER = "$(BUILT_PRODUCTS_DIR)/twttest.app/twttest";
				FRAMEWORK_SEARCH_PATHS = (
					"$(SDKROOT)/Developer/Library/Frameworks",
					"$(inherited)",
					"$(DEVELOPER_FRAMEWORKS_DIR)",
				);
				GCC_PRECOMPILE_PREFIX_HEADER = YES;
				GCC_PREFIX_HEADER = "twttest/twttest-Prefix.pch";
				GCC_PREPROCESSOR_DEFINITIONS = (
					"DEBUG=1",
					"$(inherited)",
				);
				INFOPLIST_FILE = "twttestTests/twttestTests-Info.plist";
				PRODUCT_NAME = "$(TARGET_NAME)";
				TEST_HOST = "$(BUNDLE_LOADER)";
				WRAPPER_EXTENSION = xctest;
			};
			name = Debug;
		};
		7FA43ACC18DBA6AE00B6004C /* Release */ = {
			isa = XCBuildConfiguration;
			buildSettings = {
				ARCHS = "$(ARCHS_STANDARD_INCLUDING_64_BIT)";
				BUNDLE_LOADER = "$(BUILT_PRODUCTS_DIR)/twttest.app/twttest";
				FRAMEWORK_SEARCH_PATHS = (
					"$(SDKROOT)/Developer/Library/Frameworks",
					"$(inherited)",
					"$(DEVELOPER_FRAMEWORKS_DIR)",
				);
				GCC_PRECOMPILE_PREFIX_HEADER = YES;
				GCC_PREFIX_HEADER = "twttest/twttest-Prefix.pch";
				INFOPLIST_FILE = "twttestTests/twttestTests-Info.plist";
				PRODUCT_NAME = "$(TARGET_NAME)";
				TEST_HOST = "$(BUNDLE_LOADER)";
				WRAPPER_EXTENSION = xctest;
			};
			name = Release;
		};
/* End XCBuildConfiguration section */

/* Begin XCConfigurationList section */
		7FA43A9618DBA6AE00B6004C /* Build configuration list for PBXProject "twttest" */ = {
			isa = XCConfigurationList;
			buildConfigurations = (
				7FA43AC518DBA6AE00B6004C /* Debug */,
				7FA43AC618DBA6AE00B6004C /* Release */,
			);
			defaultConfigurationIsVisible = 0;
			defaultConfigurationName = Release;
		};
		7FA43AC718DBA6AE00B6004C /* Build configuration list for PBXNativeTarget "twttest" */ = {
			isa = XCConfigurationList;
			buildConfigurations = (
				7FA43AC818DBA6AE00B6004C /* Debug */,
				7FA43AC918DBA6AE00B6004C /* Release */,
			);
			defaultConfigurationIsVisible = 0;
		};
		7FA43ACA18DBA6AE00B6004C /* Build configuration list for PBXNativeTarget "twttestTests" */ = {
			isa = XCConfigurationList;
			buildConfigurations = (
				7FA43ACB18DBA6AE00B6004C /* Debug */,
				7FA43ACC18DBA6AE00B6004C /* Release */,
			);
			defaultConfigurationIsVisible = 0;
		};
/* End XCConfigurationList section */
	};
	rootObject = 7FA43A9318DBA6AE00B6004C /* Project object */;
}
